// !$*UTF8*$!
{
	archiveVersion = 1;
	classes = {
	};
	objectVersion = 50;
	objects = {

/* Begin PBXBuildFile section */
		4E26189E268A80B7004D9AFD /* AppDelegate.swift in Sources */ = {isa = PBXBuildFile; fileRef = 4E26189D268A80B7004D9AFD /* AppDelegate.swift */; };
		4E2618A0268A80B7004D9AFD /* SceneDelegate.swift in Sources */ = {isa = PBXBuildFile; fileRef = 4E26189F268A80B7004D9AFD /* SceneDelegate.swift */; };
		4E2618A2268A80B7004D9AFD /* CounterView.swift in Sources */ = {isa = PBXBuildFile; fileRef = 4E2618A1268A80B7004D9AFD /* CounterView.swift */; };
		4E2618A5268A80B7004D9AFD /* Main.storyboard in Resources */ = {isa = PBXBuildFile; fileRef = 4E2618A3268A80B7004D9AFD /* Main.storyboard */; };
		4E2618A7268A80B8004D9AFD /* Assets.xcassets in Resources */ = {isa = PBXBuildFile; fileRef = 4E2618A6268A80B8004D9AFD /* Assets.xcassets */; };
		4E2618AA268A80B8004D9AFD /* LaunchScreen.storyboard in Resources */ = {isa = PBXBuildFile; fileRef = 4E2618A8268A80B8004D9AFD /* LaunchScreen.storyboard */; };
		4E2618B6268A88FE004D9AFD /* CounterModel.swift in Sources */ = {isa = PBXBuildFile; fileRef = 4E2618B5268A88FE004D9AFD /* CounterModel.swift */; };
		4E2618B8268A8AFA004D9AFD /* CounterViewController.swift in Sources */ = {isa = PBXBuildFile; fileRef = 4E2618B7268A8AFA004D9AFD /* CounterViewController.swift */; };
/* End PBXBuildFile section */

/* Begin PBXFileReference section */
		4E26189A268A80B7004D9AFD /* Salon_Task4.app */ = {isa = PBXFileReference; explicitFileType = wrapper.application; includeInIndex = 0; path = Salon_Task4.app; sourceTree = BUILT_PRODUCTS_DIR; };
		4E26189D268A80B7004D9AFD /* AppDelegate.swift */ = {isa = PBXFileReference; lastKnownFileType = sourcecode.swift; path = AppDelegate.swift; sourceTree = "<group>"; };
		4E26189F268A80B7004D9AFD /* SceneDelegate.swift */ = {isa = PBXFileReference; lastKnownFileType = sourcecode.swift; path = SceneDelegate.swift; sourceTree = "<group>"; };
		4E2618A1268A80B7004D9AFD /* CounterView.swift */ = {isa = PBXFileReference; lastKnownFileType = sourcecode.swift; path = CounterView.swift; sourceTree = "<group>"; };
		4E2618A4268A80B7004D9AFD /* Base */ = {isa = PBXFileReference; lastKnownFileType = file.storyboard; name = Base; path = Base.lproj/Main.storyboard; sourceTree = "<group>"; };
		4E2618A6268A80B8004D9AFD /* Assets.xcassets */ = {isa = PBXFileReference; lastKnownFileType = folder.assetcatalog; path = Assets.xcassets; sourceTree = "<group>"; };
		4E2618A9268A80B8004D9AFD /* Base */ = {isa = PBXFileReference; lastKnownFileType = file.storyboard; name = Base; path = Base.lproj/LaunchScreen.storyboard; sourceTree = "<group>"; };
		4E2618AB268A80B8004D9AFD /* Info.plist */ = {isa = PBXFileReference; lastKnownFileType = text.plist.xml; path = Info.plist; sourceTree = "<group>"; };
		4E2618B5268A88FE004D9AFD /* CounterModel.swift */ = {isa = PBXFileReference; lastKnownFileType = sourcecode.swift; path = CounterModel.swift; sourceTree = "<group>"; };
		4E2618B7268A8AFA004D9AFD /* CounterViewController.swift */ = {isa = PBXFileReference; lastKnownFileType = sourcecode.swift; path = CounterViewController.swift; sourceTree = "<group>"; };
/* End PBXFileReference section */

/* Begin PBXFrameworksBuildPhase section */
		4E261897268A80B7004D9AFD /* Frameworks */ = {
			isa = PBXFrameworksBuildPhase;
			buildActionMask = 2147483647;
			files = (
			);
			runOnlyForDeploymentPostprocessing = 0;
		};
/* End PBXFrameworksBuildPhase section */

/* Begin PBXGroup section */
		4E261891268A80B7004D9AFD = {
			isa = PBXGroup;
			children = (
				4E26189C268A80B7004D9AFD /* Salon_Task4 */,
				4E26189B268A80B7004D9AFD /* Products */,
			);
			sourceTree = "<group>";
		};
		4E26189B268A80B7004D9AFD /* Products */ = {
			isa = PBXGroup;
			children = (
				4E26189A268A80B7004D9AFD /* Salon_Task4.app */,
			);
			name = Products;
			sourceTree = "<group>";
		};
		4E26189C268A80B7004D9AFD /* Salon_Task4 */ = {
			isa = PBXGroup;
			children = (
				4E2618B2268A87B5004D9AFD /* Model */,
				4E2618B3268A87C0004D9AFD /* View */,
				4E2618B4268A87C7004D9AFD /* Controoller */,
				4E2618A3268A80B7004D9AFD /* Main.storyboard */,
				4E26189D268A80B7004D9AFD /* AppDelegate.swift */,
				4E26189F268A80B7004D9AFD /* SceneDelegate.swift */,
				4E2618A6268A80B8004D9AFD /* Assets.xcassets */,
				4E2618A8268A80B8004D9AFD /* LaunchScreen.storyboard */,
				4E2618AB268A80B8004D9AFD /* Info.plist */,
			);
			path = Salon_Task4;
			sourceTree = "<group>";
		};
		4E2618B2268A87B5004D9AFD /* Model */ = {
			isa = PBXGroup;
			children = (
				4E2618B5268A88FE004D9AFD /* CounterModel.swift */,
			);
			path = Model;
			sourceTree = "<group>";
		};
		4E2618B3268A87C0004D9AFD /* View */ = {
			isa = PBXGroup;
			children = (
				4E2618A1268A80B7004D9AFD /* CounterView.swift */,
			);
			path = View;
			sourceTree = "<group>";
		};
		4E2618B4268A87C7004D9AFD /* Controoller */ = {
			isa = PBXGroup;
			children = (
				4E2618B7268A8AFA004D9AFD /* CounterViewController.swift */,
			);
			path = Controoller;
			sourceTree = "<group>";
		};
/* End PBXGroup section */

/* Begin PBXNativeTarget section */
		4E261899268A80B7004D9AFD /* Salon_Task4 */ = {
			isa = PBXNativeTarget;
			buildConfigurationList = 4E2618AE268A80B8004D9AFD /* Build configuration list for PBXNativeTarget "Salon_Task4" */;
			buildPhases = (
				4E261896268A80B7004D9AFD /* Sources */,
				4E261897268A80B7004D9AFD /* Frameworks */,
				4E261898268A80B7004D9AFD /* Resources */,
				4E2618B1268A8389004D9AFD /* ShellScript */,
			);
			buildRules = (
			);
			dependencies = (
			);
			name = Salon_Task4;
			productName = Salon_Task4;
			productReference = 4E26189A268A80B7004D9AFD /* Salon_Task4.app */;
			productType = "com.apple.product-type.application";
		};
/* End PBXNativeTarget section */

/* Begin PBXProject section */
		4E261892268A80B7004D9AFD /* Project object */ = {
			isa = PBXProject;
			attributes = {
				LastSwiftUpdateCheck = 1250;
				LastUpgradeCheck = 1250;
				TargetAttributes = {
					4E261899268A80B7004D9AFD = {
						CreatedOnToolsVersion = 12.5.1;
					};
				};
			};
			buildConfigurationList = 4E261895268A80B7004D9AFD /* Build configuration list for PBXProject "Salon_Task4" */;
			compatibilityVersion = "Xcode 9.3";
			developmentRegion = en;
			hasScannedForEncodings = 0;
			knownRegions = (
				en,
				Base,
			);
			mainGroup = 4E261891268A80B7004D9AFD;
			productRefGroup = 4E26189B268A80B7004D9AFD /* Products */;
			projectDirPath = "";
			projectRoot = "";
			targets = (
				4E261899268A80B7004D9AFD /* Salon_Task4 */,
			);
		};
/* End PBXProject section */

/* Begin PBXResourcesBuildPhase section */
		4E261898268A80B7004D9AFD /* Resources */ = {
			isa = PBXResourcesBuildPhase;
			buildActionMask = 2147483647;
			files = (
				4E2618AA268A80B8004D9AFD /* LaunchScreen.storyboard in Resources */,
				4E2618A7268A80B8004D9AFD /* Assets.xcassets in Resources */,
				4E2618A5268A80B7004D9AFD /* Main.storyboard in Resources */,
			);
			runOnlyForDeploymentPostprocessing = 0;
		};
/* End PBXResourcesBuildPhase section */

/* Begin PBXShellScriptBuildPhase section */
		4E2618B1268A8389004D9AFD /* ShellScript */ = {
			isa = PBXShellScriptBuildPhase;
			buildActionMask = 2147483647;
			files = (
			);
			inputFileListPaths = (
			);
			inputPaths = (
			);
			outputFileListPaths = (
			);
			outputPaths = (
			);
			runOnlyForDeploymentPostprocessing = 0;
			shellPath = /bin/sh;
			shellScript = "# Type a script or drag a script file from your workspace to insert its path.\nif which swiftlint >/dev/null; then\n  swiftlint\nelse\n  echo \"SwiftLint does not exist, download from https://github.com/realm/SwiftLint\"\nfi\n";
		};
/* End PBXShellScriptBuildPhase section */

/* Begin PBXSourcesBuildPhase section */
		4E261896268A80B7004D9AFD /* Sources */ = {
			isa = PBXSourcesBuildPhase;
			buildActionMask = 2147483647;
			files = (
				4E2618B8268A8AFA004D9AFD /* CounterViewController.swift in Sources */,
				4E2618A2268A80B7004D9AFD /* CounterView.swift in Sources */,
				4E26189E268A80B7004D9AFD /* AppDelegate.swift in Sources */,
				4E2618B6268A88FE004D9AFD /* CounterModel.swift in Sources */,
				4E2618A0268A80B7004D9AFD /* SceneDelegate.swift in Sources */,
			);
			runOnlyForDeploymentPostprocessing = 0;
		};
/* End PBXSourcesBuildPhase section */

/* Begin PBXVariantGroup section */
		4E2618A3268A80B7004D9AFD /* Main.storyboard */ = {
			isa = PBXVariantGroup;
			children = (
				4E2618A4268A80B7004D9AFD /* Base */,
			);
			name = Main.storyboard;
			sourceTree = "<group>";
		};
		4E2618A8268A80B8004D9AFD /* LaunchScreen.storyboard */ = {
			isa = PBXVariantGroup;
			children = (
				4E2618A9268A80B8004D9AFD /* Base */,
			);
			name = LaunchScreen.storyboard;
			sourceTree = "<group>";
		};
/* End PBXVariantGroup section */

/* Begin XCBuildConfiguration section */
		4E2618AC268A80B8004D9AFD /* Debug */ = {
			isa = XCBuildConfiguration;
			buildSettings = {
				ALWAYS_SEARCH_USER_PATHS = NO;
				CLANG_ANALYZER_NONNULL = YES;
				CLANG_ANALYZER_NUMBER_OBJECT_CONVERSION = YES_AGGRESSIVE;
				CLANG_CXX_LANGUAGE_STANDARD = "gnu++14";
				CLANG_CXX_LIBRARY = "libc++";
				CLANG_ENABLE_MODULES = YES;
				CLANG_ENABLE_OBJC_ARC = YES;
				CLANG_ENABLE_OBJC_WEAK = YES;
				CLANG_WARN_BLOCK_CAPTURE_AUTORELEASING = YES;
				CLANG_WARN_BOOL_CONVERSION = YES;
				CLANG_WARN_COMMA = YES;
				CLANG_WARN_CONSTANT_CONVERSION = YES;
				CLANG_WARN_DEPRECATED_OBJC_IMPLEMENTATIONS = YES;
				CLANG_WARN_DIRECT_OBJC_ISA_USAGE = YES_ERROR;
				CLANG_WARN_DOCUMENTATION_COMMENTS = YES;
				CLANG_WARN_EMPTY_BODY = YES;
				CLANG_WARN_ENUM_CONVERSION = YES;
				CLANG_WARN_INFINITE_RECURSION = YES;
				CLANG_WARN_INT_CONVERSION = YES;
				CLANG_WARN_NON_LITERAL_NULL_CONVERSION = YES;
				CLANG_WARN_OBJC_IMPLICIT_RETAIN_SELF = YES;
				CLANG_WARN_OBJC_LITERAL_CONVERSION = YES;
				CLANG_WARN_OBJC_ROOT_CLASS = YES_ERROR;
				CLANG_WARN_QUOTED_INCLUDE_IN_FRAMEWORK_HEADER = YES;
				CLANG_WARN_RANGE_LOOP_ANALYSIS = YES;
				CLANG_WARN_STRICT_PROTOTYPES = YES;
				CLANG_WARN_SUSPICIOUS_MOVE = YES;
				CLANG_WARN_UNGUARDED_AVAILABILITY = YES_AGGRESSIVE;
				CLANG_WARN_UNREACHABLE_CODE = YES;
				CLANG_WARN__DUPLICATE_METHOD_MATCH = YES;
				COPY_PHASE_STRIP = NO;
				DEBUG_INFORMATION_FORMAT = dwarf;
				ENABLE_STRICT_OBJC_MSGSEND = YES;
				ENABLE_TESTABILITY = YES;
				GCC_C_LANGUAGE_STANDARD = gnu11;
				GCC_DYNAMIC_NO_PIC = NO;
				GCC_NO_COMMON_BLOCKS = YES;
				GCC_OPTIMIZATION_LEVEL = 0;
				GCC_PREPROCESSOR_DEFINITIONS = (
					"DEBUG=1",
					"$(inherited)",
				);
				GCC_WARN_64_TO_32_BIT_CONVERSION = YES;
				GCC_WARN_ABOUT_RETURN_TYPE = YES_ERROR;
				GCC_WARN_UNDECLARED_SELECTOR = YES;
				GCC_WARN_UNINITIALIZED_AUTOS = YES_AGGRESSIVE;
				GCC_WARN_UNUSED_FUNCTION = YES;
				GCC_WARN_UNUSED_VARIABLE = YES;
				IPHONEOS_DEPLOYMENT_TARGET = 14.5;
				MTL_ENABLE_DEBUG_INFO = INCLUDE_SOURCE;
				MTL_FAST_MATH = YES;
				ONLY_ACTIVE_ARCH = YES;
				SDKROOT = iphoneos;
				SWIFT_ACTIVE_COMPILATION_CONDITIONS = DEBUG;
				SWIFT_OPTIMIZATION_LEVEL = "-Onone";
			};
			name = Debug;
		};
		4E2618AD268A80B8004D9AFD /* Release */ = {
			isa = XCBuildConfiguration;
			buildSettings = {
				ALWAYS_SEARCH_USER_PATHS = NO;
				CLANG_ANALYZER_NONNULL = YES;
				CLANG_ANALYZER_NUMBER_OBJECT_CONVERSION = YES_AGGRESSIVE;
				CLANG_CXX_LANGUAGE_STANDARD = "gnu++14";
				CLANG_CXX_LIBRARY = "libc++";
				CLANG_ENABLE_MODULES = YES;
				CLANG_ENABLE_OBJC_ARC = YES;
				CLANG_ENABLE_OBJC_WEAK = YES;
				CLANG_WARN_BLOCK_CAPTURE_AUTORELEASING = YES;
				CLANG_WARN_BOOL_CONVERSION = YES;
				CLANG_WARN_COMMA = YES;
				CLANG_WARN_CONSTANT_CONVERSION = YES;
				CLANG_WARN_DEPRECATED_OBJC_IMPLEMENTATIONS = YES;
				CLANG_WARN_DIRECT_OBJC_ISA_USAGE = YES_ERROR;
				CLANG_WARN_DOCUMENTATION_COMMENTS = YES;
				CLANG_WARN_EMPTY_BODY = YES;
				CLANG_WARN_ENUM_CONVERSION = YES;
				CLANG_WARN_INFINITE_RECURSION = YES;
				CLANG_WARN_INT_CONVERSION = YES;
				CLANG_WARN_NON_LITERAL_NULL_CONVERSION = YES;
				CLANG_WARN_OBJC_IMPLICIT_RETAIN_SELF = YES;
				CLANG_WARN_OBJC_LITERAL_CONVERSION = YES;
				CLANG_WARN_OBJC_ROOT_CLASS = YES_ERROR;
				CLANG_WARN_QUOTED_INCLUDE_IN_FRAMEWORK_HEADER = YES;
				CLANG_WARN_RANGE_LOOP_ANALYSIS = YES;
				CLANG_WARN_STRICT_PROTOTYPES = YES;
				CLANG_WARN_SUSPICIOUS_MOVE = YES;
				CLANG_WARN_UNGUARDED_AVAILABILITY = YES_AGGRESSIVE;
				CLANG_WARN_UNREACHABLE_CODE = YES;
				CLANG_WARN__DUPLICATE_METHOD_MATCH = YES;
				COPY_PHASE_STRIP = NO;
				DEBUG_INFORMATION_FORMAT = "dwarf-with-dsym";
				ENABLE_NS_ASSERTIONS = NO;
				ENABLE_STRICT_OBJC_MSGSEND = YES;
				GCC_C_LANGUAGE_STANDARD = gnu11;
				GCC_NO_COMMON_BLOCKS = YES;
				GCC_WARN_64_TO_32_BIT_CONVERSION = YES;
				GCC_WARN_ABOUT_RETURN_TYPE = YES_ERROR;
				GCC_WARN_UNDECLARED_SELECTOR = YES;
				GCC_WARN_UNINITIALIZED_AUTOS = YES_AGGRESSIVE;
				GCC_WARN_UNUSED_FUNCTION = YES;
				GCC_WARN_UNUSED_VARIABLE = YES;
				IPHONEOS_DEPLOYMENT_TARGET = 14.5;
				MTL_ENABLE_DEBUG_INFO = NO;
				MTL_FAST_MATH = YES;
				SDKROOT = iphoneos;
				SWIFT_COMPILATION_MODE = wholemodule;
				SWIFT_OPTIMIZATION_LEVEL = "-O";
				VALIDATE_PRODUCT = YES;
			};
			name = Release;
		};
		4E2618AF268A80B8004D9AFD /* Debug */ = {
			isa = XCBuildConfiguration;
			buildSettings = {
				ASSETCATALOG_COMPILER_APPICON_NAME = AppIcon;
				ASSETCATALOG_COMPILER_GLOBAL_ACCENT_COLOR_NAME = AccentColor;
				CODE_SIGN_STYLE = Automatic;
				DEVELOPMENT_TEAM = MV3LUBK879;
				INFOPLIST_FILE = Salon_Task4/Info.plist;
				LD_RUNPATH_SEARCH_PATHS = (
					"$(inherited)",
					"@executable_path/Frameworks",
				);
				PRODUCT_BUNDLE_IDENTIFIER = "com.gmail.gjmptw.aab.Salon-Task4";
				PRODUCT_NAME = "$(TARGET_NAME)";
				SWIFT_VERSION = 5.0;
				TARGETED_DEVICE_FAMILY = "1,2";
			};
			name = Debug;
		};
		4E2618B0268A80B8004D9AFD /* Release */ = {
			isa = XCBuildConfiguration;
			buildSettings = {
				ASSETCATALOG_COMPILER_APPICON_NAME = AppIcon;
				ASSETCATALOG_COMPILER_GLOBAL_ACCENT_COLOR_NAME = AccentColor;
				CODE_SIGN_STYLE = Automatic;
				DEVELOPMENT_TEAM = MV3LUBK879;
				INFOPLIST_FILE = Salon_Task4/Info.plist;
				LD_RUNPATH_SEARCH_PATHS = (
					"$(inherited)",
					"@executable_path/Frameworks",
				);
				PRODUCT_BUNDLE_IDENTIFIER = "com.gmail.gjmptw.aab.Salon-Task4";
				PRODUCT_NAME = "$(TARGET_NAME)";
				SWIFT_VERSION = 5.0;
				TARGETED_DEVICE_FAMILY = "1,2";
			};
			name = Release;
		};
/* End XCBuildConfiguration section */

/* Begin XCConfigurationList section */
		4E261895268A80B7004D9AFD /* Build configuration list for PBXProject "Salon_Task4" */ = {
			isa = XCConfigurationList;
			buildConfigurations = (
				4E2618AC268A80B8004D9AFD /* Debug */,
				4E2618AD268A80B8004D9AFD /* Release */,
			);
			defaultConfigurationIsVisible = 0;
			defaultConfigurationName = Release;
		};
		4E2618AE268A80B8004D9AFD /* Build configuration list for PBXNativeTarget "Salon_Task4" */ = {
			isa = XCConfigurationList;
			buildConfigurations = (
				4E2618AF268A80B8004D9AFD /* Debug */,
				4E2618B0268A80B8004D9AFD /* Release */,
			);
			defaultConfigurationIsVisible = 0;
			defaultConfigurationName = Release;
		};
/* End XCConfigurationList section */
	};
	rootObject = 4E261892268A80B7004D9AFD /* Project object */;
}
